{
  "name": "portfolio-live-demos",
  "version": "0.0.0",
  "lockfileVersion": 3,
  "requires": true,
  "packages": {
    "": {
      "name": "portfolio-live-demos",
      "version": "0.0.0",
      "license": "UNLICENSED",
      "workspaces": [
        "apps/*",
        "packages/*"
      ],
      "engines": {
        "node": ">=24 <25",
        "npm": ">=11 <12"
      }
    },
    "apps/cn": {
      "name": "@pauuu-demo/cn",
      "version": "0.0.0"
    },
    "apps/hours": {
      "name": "@pauuu-demo/hours",
      "version": "0.0.0"
    },
    "apps/payroll": {
      "name": "@pauuu-demo/payroll",
      "version": "0.0.0"
    },
    "apps/rcmi": {
      "name": "@pauuu-demo/rcmi",
      "version": "0.0.0"
    },
    "apps/travels": {
      "name": "@pauuu-demo/travels",
      "version": "0.0.0"
    },
    "node_modules/@pauuu-demo/cn": {
      "resolved": "apps/cn",
      "link": true
    },
    "node_modules/@pauuu-demo/demo-shell": {
      "resolved": "packages/demo-shell",
      "link": true
    },
    "node_modules/@pauuu-demo/hours": {
      "resolved": "apps/hours",
      "link": true
    },
    "node_modules/@pauuu-demo/payroll": {
      "resolved": "apps/payroll",
      "link": true
    },
    "node_modules/@pauuu-demo/rcmi": {
      "resolved": "apps/rcmi",
      "link": true
    },
    "node_modules/@pauuu-demo/travels": {
      "resolved": "apps/travels",
      "link": true
    },
    "packages/demo-shell": {
      "name": "@pauuu-demo/demo-shell",
      "version": "0.0.0"
    }
  }
}
